
Microsoft Visual Studio Solution File, Format Version 12.00
# Visual Studio Version 16
VisualStudioVersion = 16.0.30503.244
MinimumVisualStudioVersion = 10.0.40219.1
Project("{FAE04EC0-301F-11D3-BF4B-00C04F79EFBC}") = "pr.POO", "pr.POO.csproj", "{1934DE93-B13F-4445-BF0D-05B487B0BF61}"
EndProject
Global
	GlobalSection(SolutionConfigurationPlatforms) = preSolution
		Debug|Any CPU = Debug|Any CPU
		Release|Any CPU = Release|Any CPU
	EndGlobalSection
	GlobalSection(ProjectConfigurationPlatforms) = postSolution
		{1934DE93-B13F-4445-BF0D-05B487B0BF61}.Debug|Any CPU.ActiveCfg = Debug|Any CPU
		{1934DE93-B13F-4445-BF0D-05B487B0BF61}.Debug|Any CPU.Build.0 = Debug|Any CPU
		{1934DE93-B13F-4445-BF0D-05B487B0BF61}.Release|Any CPU.ActiveCfg = Release|Any CPU
		{1934DE93-B13F-4445-BF0D-05B487B0BF61}.Release|Any CPU.Build.0 = Release|Any CPU
	EndGlobalSection
	GlobalSection(SolutionProperties) = preSolution
		HideSolutionNode = FALSE
	EndGlobalSection
	GlobalSection(ExtensibilityGlobals) = postSolution
		SolutionGuid = {B6FE10C2-CF2B-4025-AA13-8F69A93DD7ED}
	EndGlobalSection
EndGlobal
